// !$*UTF8*$!
{
	archiveVersion = 1;
	classes = {
	};
	objectVersion = 50;
	objects = {

/* Begin PBXBuildFile section */
		68A77FE022EFAFC90032F89D /* AppDelegate.swift in Sources */ = {isa = PBXBuildFile; fileRef = 68A77FDF22EFAFC90032F89D /* AppDelegate.swift */; };
		68A77FE222EFAFC90032F89D /* SceneDelegate.swift in Sources */ = {isa = PBXBuildFile; fileRef = 68A77FE122EFAFC90032F89D /* SceneDelegate.swift */; };
		68A77FE422EFAFC90032F89D /* ContentView.swift in Sources */ = {isa = PBXBuildFile; fileRef = 68A77FE322EFAFC90032F89D /* ContentView.swift */; };
		68A77FE622EFAFCB0032F89D /* Assets.xcassets in Resources */ = {isa = PBXBuildFile; fileRef = 68A77FE522EFAFCB0032F89D /* Assets.xcassets */; };
		68A77FE922EFAFCB0032F89D /* Preview Assets.xcassets in Resources */ = {isa = PBXBuildFile; fileRef = 68A77FE822EFAFCB0032F89D /* Preview Assets.xcassets */; };
		68A77FEC22EFAFCB0032F89D /* LaunchScreen.storyboard in Resources */ = {isa = PBXBuildFile; fileRef = 68A77FEA22EFAFCB0032F89D /* LaunchScreen.storyboard */; };
/* End PBXBuildFile section */

/* Begin PBXFileReference section */
		68A77FDC22EFAFC90032F89D /* SwiftUI-Combine-NotificationDemo.app */ = {isa = PBXFileReference; explicitFileType = wrapper.application; includeInIndex = 0; path = "SwiftUI-Combine-NotificationDemo.app"; sourceTree = BUILT_PRODUCTS_DIR; };
		68A77FDF22EFAFC90032F89D /* AppDelegate.swift */ = {isa = PBXFileReference; lastKnownFileType = sourcecode.swift; path = AppDelegate.swift; sourceTree = "<group>"; };
		68A77FE122EFAFC90032F89D /* SceneDelegate.swift */ = {isa = PBXFileReference; lastKnownFileType = sourcecode.swift; path = SceneDelegate.swift; sourceTree = "<group>"; };
		68A77FE322EFAFC90032F89D /* ContentView.swift */ = {isa = PBXFileReference; lastKnownFileType = sourcecode.swift; path = ContentView.swift; sourceTree = "<group>"; };
		68A77FE522EFAFCB0032F89D /* Assets.xcassets */ = {isa = PBXFileReference; lastKnownFileType = folder.assetcatalog; path = Assets.xcassets; sourceTree = "<group>"; };
		68A77FE822EFAFCB0032F89D /* Preview Assets.xcassets */ = {isa = PBXFileReference; lastKnownFileType = folder.assetcatalog; path = "Preview Assets.xcassets"; sourceTree = "<group>"; };
		68A77FEB22EFAFCB0032F89D /* Base */ = {isa = PBXFileReference; lastKnownFileType = file.storyboard; name = Base; path = Base.lproj/LaunchScreen.storyboard; sourceTree = "<group>"; };
		68A77FED22EFAFCB0032F89D /* Info.plist */ = {isa = PBXFileReference; lastKnownFileType = text.plist.xml; path = Info.plist; sourceTree = "<group>"; };
/* End PBXFileReference section */

/* Begin PBXFrameworksBuildPhase section */
		68A77FD922EFAFC90032F89D /* Frameworks */ = {
			isa = PBXFrameworksBuildPhase;
			buildActionMask = 2147483647;
			files = (
			);
			runOnlyForDeploymentPostprocessing = 0;
		};
/* End PBXFrameworksBuildPhase section */

/* Begin PBXGroup section */
		68A77FD322EFAFC90032F89D = {
			isa = PBXGroup;
			children = (
				68A77FDE22EFAFC90032F89D /* SwiftUI-Combine-NotificationDemo */,
				68A77FDD22EFAFC90032F89D /* Products */,
			);
			sourceTree = "<group>";
		};
		68A77FDD22EFAFC90032F89D /* Products */ = {
			isa = PBXGroup;
			children = (
				68A77FDC22EFAFC90032F89D /* SwiftUI-Combine-NotificationDemo.app */,
			);
			name = Products;
			sourceTree = "<group>";
		};
		68A77FDE22EFAFC90032F89D /* SwiftUI-Combine-NotificationDemo */ = {
			isa = PBXGroup;
			children = (
				68A77FDF22EFAFC90032F89D /* AppDelegate.swift */,
				68A77FE122EFAFC90032F89D /* SceneDelegate.swift */,
				68A77FE322EFAFC90032F89D /* ContentView.swift */,
				68A77FE522EFAFCB0032F89D /* Assets.xcassets */,
				68A77FEA22EFAFCB0032F89D /* LaunchScreen.storyboard */,
				68A77FED22EFAFCB0032F89D /* Info.plist */,
				68A77FE722EFAFCB0032F89D /* Preview Content */,
			);
			path = "SwiftUI-Combine-NotificationDemo";
			sourceTree = "<group>";
		};
		68A77FE722EFAFCB0032F89D /* Preview Content */ = {
			isa = PBXGroup;
			children = (
				68A77FE822EFAFCB0032F89D /* Preview Assets.xcassets */,
			);
			path = "Preview Content";
			sourceTree = "<group>";
		};
/* End PBXGroup section */

/* Begin PBXNativeTarget section */
		68A77FDB22EFAFC90032F89D /* SwiftUI-Combine-NotificationDemo */ = {
			isa = PBXNativeTarget;
			buildConfigurationList = 68A77FF022EFAFCB0032F89D /* Build configuration list for PBXNativeTarget "SwiftUI-Combine-NotificationDemo" */;
			buildPhases = (
				68A77FD822EFAFC90032F89D /* Sources */,
				68A77FD922EFAFC90032F89D /* Frameworks */,
				68A77FDA22EFAFC90032F89D /* Resources */,
			);
			buildRules = (
			);
			dependencies = (
			);
			name = "SwiftUI-Combine-NotificationDemo";
			productName = "SwiftUI-Combine-NotificationDemo";
			productReference = 68A77FDC22EFAFC90032F89D /* SwiftUI-Combine-NotificationDemo.app */;
			productType = "com.apple.product-type.application";
		};
/* End PBXNativeTarget section */

/* Begin PBXProject section */
		68A77FD422EFAFC90032F89D /* Project object */ = {
			isa = PBXProject;
			attributes = {
				LastSwiftUpdateCheck = 1100;
				LastUpgradeCheck = 1100;
				ORGANIZATIONNAME = "Russell Archer";
				TargetAttributes = {
					68A77FDB22EFAFC90032F89D = {
						CreatedOnToolsVersion = 11.0;
					};
				};
			};
			buildConfigurationList = 68A77FD722EFAFC90032F89D /* Build configuration list for PBXProject "SwiftUI-Combine-NotificationDemo" */;
			compatibilityVersion = "Xcode 9.3";
			developmentRegion = en;
			hasScannedForEncodings = 0;
			knownRegions = (
				en,
				Base,
			);
			mainGroup = 68A77FD322EFAFC90032F89D;
			productRefGroup = 68A77FDD22EFAFC90032F89D /* Products */;
			projectDirPath = "";
			projectRoot = "";
			targets = (
				68A77FDB22EFAFC90032F89D /* SwiftUI-Combine-NotificationDemo */,
			);
		};
/* End PBXProject section */

/* Begin PBXResourcesBuildPhase section */
		68A77FDA22EFAFC90032F89D /* Resources */ = {
			isa = PBXResourcesBuildPhase;
			buildActionMask = 2147483647;
			files = (
				68A77FEC22EFAFCB0032F89D /* LaunchScreen.storyboard in Resources */,
				68A77FE922EFAFCB0032F89D /* Preview Assets.xcassets in Resources */,
				68A77FE622EFAFCB0032F89D /* Assets.xcassets in Resources */,
			);
			runOnlyForDeploymentPostprocessing = 0;
		};
/* End PBXResourcesBuildPhase section */

/* Begin PBXSourcesBuildPhase section */
		68A77FD822EFAFC90032F89D /* Sources */ = {
			isa = PBXSourcesBuildPhase;
			buildActionMask = 2147483647;
			files = (
				68A77FE022EFAFC90032F89D /* AppDelegate.swift in Sources */,
				68A77FE222EFAFC90032F89D /* SceneDelegate.swift in Sources */,
				68A77FE422EFAFC90032F89D /* ContentView.swift in Sources */,
			);
			runOnlyForDeploymentPostprocessing = 0;
		};
/* End PBXSourcesBuildPhase section */

/* Begin PBXVariantGroup section */
		68A77FEA22EFAFCB0032F89D /* LaunchScreen.storyboard */ = {
			isa = PBXVariantGroup;
			children = (
				68A77FEB22EFAFCB0032F89D /* Base */,
			);
			name = LaunchScreen.storyboard;
			sourceTree = "<group>";
		};
/* End PBXVariantGroup section */

/* Begin XCBuildConfiguration section */
		68A77FEE22EFAFCB0032F89D /* Debug */ = {
			isa = XCBuildConfiguration;
			buildSettings = {
				ALWAYS_SEARCH_USER_PATHS = NO;
				CLANG_ANALYZER_NONNULL = YES;
				CLANG_ANALYZER_NUMBER_OBJECT_CONVERSION = YES_AGGRESSIVE;
				CLANG_CXX_LANGUAGE_STANDARD = "gnu++14";
				CLANG_CXX_LIBRARY = "libc++";
				CLANG_ENABLE_MODULES = YES;
				CLANG_ENABLE_OBJC_ARC = YES;
				CLANG_ENABLE_OBJC_WEAK = YES;
				CLANG_WARN_BLOCK_CAPTURE_AUTORELEASING = YES;
				CLANG_WARN_BOOL_CONVERSION = YES;
				CLANG_WARN_COMMA = YES;
				CLANG_WARN_CONSTANT_CONVERSION = YES;
				CLANG_WARN_DEPRECATED_OBJC_IMPLEMENTATIONS = YES;
				CLANG_WARN_DIRECT_OBJC_ISA_USAGE = YES_ERROR;
				CLANG_WARN_DOCUMENTATION_COMMENTS = YES;
				CLANG_WARN_EMPTY_BODY = YES;
				CLANG_WARN_ENUM_CONVERSION = YES;
				CLANG_WARN_INFINITE_RECURSION = YES;
				CLANG_WARN_INT_CONVERSION = YES;
				CLANG_WARN_NON_LITERAL_NULL_CONVERSION = YES;
				CLANG_WARN_OBJC_IMPLICIT_RETAIN_SELF = YES;
				CLANG_WARN_OBJC_LITERAL_CONVERSION = YES;
				CLANG_WARN_OBJC_ROOT_CLASS = YES_ERROR;
				CLANG_WARN_RANGE_LOOP_ANALYSIS = YES;
				CLANG_WARN_STRICT_PROTOTYPES = YES;
				CLANG_WARN_SUSPICIOUS_MOVE = YES;
				CLANG_WARN_UNGUARDED_AVAILABILITY = YES_AGGRESSIVE;
				CLANG_WARN_UNREACHABLE_CODE = YES;
				CLANG_WARN__DUPLICATE_METHOD_MATCH = YES;
				COPY_PHASE_STRIP = NO;
				DEBUG_INFORMATION_FORMAT = dwarf;
				ENABLE_STRICT_OBJC_MSGSEND = YES;
				ENABLE_TESTABILITY = YES;
				GCC_C_LANGUAGE_STANDARD = gnu11;
				GCC_DYNAMIC_NO_PIC = NO;
				GCC_NO_COMMON_BLOCKS = YES;
				GCC_OPTIMIZATION_LEVEL = 0;
				GCC_PREPROCESSOR_DEFINITIONS = (
					"DEBUG=1",
					"$(inherited)",
				);
				GCC_WARN_64_TO_32_BIT_CONVERSION = YES;
				GCC_WARN_ABOUT_RETURN_TYPE = YES_ERROR;
				GCC_WARN_UNDECLARED_SELECTOR = YES;
				GCC_WARN_UNINITIALIZED_AUTOS = YES_AGGRESSIVE;
				GCC_WARN_UNUSED_FUNCTION = YES;
				GCC_WARN_UNUSED_VARIABLE = YES;
				IPHONEOS_DEPLOYMENT_TARGET = 13.0;
				MTL_ENABLE_DEBUG_INFO = INCLUDE_SOURCE;
				MTL_FAST_MATH = YES;
				ONLY_ACTIVE_ARCH = YES;
				SDKROOT = iphoneos;
				SWIFT_ACTIVE_COMPILATION_CONDITIONS = DEBUG;
				SWIFT_OPTIMIZATION_LEVEL = "-Onone";
			};
			name = Debug;
		};
		68A77FEF22EFAFCB0032F89D /* Release */ = {
			isa = XCBuildConfiguration;
			buildSettings = {
				ALWAYS_SEARCH_USER_PATHS = NO;
				CLANG_ANALYZER_NONNULL = YES;
				CLANG_ANALYZER_NUMBER_OBJECT_CONVERSION = YES_AGGRESSIVE;
				CLANG_CXX_LANGUAGE_STANDARD = "gnu++14";
				CLANG_CXX_LIBRARY = "libc++";
				CLANG_ENABLE_MODULES = YES;
				CLANG_ENABLE_OBJC_ARC = YES;
				CLANG_ENABLE_OBJC_WEAK = YES;
				CLANG_WARN_BLOCK_CAPTURE_AUTORELEASING = YES;
				CLANG_WARN_BOOL_CONVERSION = YES;
				CLANG_WARN_COMMA = YES;
				CLANG_WARN_CONSTANT_CONVERSION = YES;
				CLANG_WARN_DEPRECATED_OBJC_IMPLEMENTATIONS = YES;
				CLANG_WARN_DIRECT_OBJC_ISA_USAGE = YES_ERROR;
				CLANG_WARN_DOCUMENTATION_COMMENTS = YES;
				CLANG_WARN_EMPTY_BODY = YES;
				CLANG_WARN_ENUM_CONVERSION = YES;
				CLANG_WARN_INFINITE_RECURSION = YES;
				CLANG_WARN_INT_CONVERSION = YES;
				CLANG_WARN_NON_LITERAL_NULL_CONVERSION = YES;
				CLANG_WARN_OBJC_IMPLICIT_RETAIN_SELF = YES;
				CLANG_WARN_OBJC_LITERAL_CONVERSION = YES;
				CLANG_WARN_OBJC_ROOT_CLASS = YES_ERROR;
				CLANG_WARN_RANGE_LOOP_ANALYSIS = YES;
				CLANG_WARN_STRICT_PROTOTYPES = YES;
				CLANG_WARN_SUSPICIOUS_MOVE = YES;
				CLANG_WARN_UNGUARDED_AVAILABILITY = YES_AGGRESSIVE;
				CLANG_WARN_UNREACHABLE_CODE = YES;
				CLANG_WARN__DUPLICATE_METHOD_MATCH = YES;
				COPY_PHASE_STRIP = NO;
				DEBUG_INFORMATION_FORMAT = "dwarf-with-dsym";
				ENABLE_NS_ASSERTIONS = NO;
				ENABLE_STRICT_OBJC_MSGSEND = YES;
				GCC_C_LANGUAGE_STANDARD = gnu11;
				GCC_NO_COMMON_BLOCKS = YES;
				GCC_WARN_64_TO_32_BIT_CONVERSION = YES;
				GCC_WARN_ABOUT_RETURN_TYPE = YES_ERROR;
				GCC_WARN_UNDECLARED_SELECTOR = YES;
				GCC_WARN_UNINITIALIZED_AUTOS = YES_AGGRESSIVE;
				GCC_WARN_UNUSED_FUNCTION = YES;
				GCC_WARN_UNUSED_VARIABLE = YES;
				IPHONEOS_DEPLOYMENT_TARGET = 13.0;
				MTL_ENABLE_DEBUG_INFO = NO;
				MTL_FAST_MATH = YES;
				SDKROOT = iphoneos;
				SWIFT_COMPILATION_MODE = wholemodule;
				SWIFT_OPTIMIZATION_LEVEL = "-O";
				VALIDATE_PRODUCT = YES;
			};
			name = Release;
		};
		68A77FF122EFAFCB0032F89D /* Debug */ = {
			isa = XCBuildConfiguration;
			buildSettings = {
				ASSETCATALOG_COMPILER_APPICON_NAME = AppIcon;
				CODE_SIGN_STYLE = Automatic;
				DEVELOPMENT_ASSET_PATHS = "SwiftUI-Combine-NotificationDemo/Preview\\ Content";
				DEVELOPMENT_TEAM = R6BE99W3FU;
				ENABLE_PREVIEWS = YES;
				INFOPLIST_FILE = "SwiftUI-Combine-NotificationDemo/Info.plist";
				LD_RUNPATH_SEARCH_PATHS = (
					"$(inherited)",
					"@executable_path/Frameworks",
				);
				PRODUCT_BUNDLE_IDENTIFIER = "com.rarcher.SwiftUI-Combine-NotificationDemo";
				PRODUCT_NAME = "$(TARGET_NAME)";
				SWIFT_VERSION = 5.0;
				TARGETED_DEVICE_FAMILY = "1,2";
			};
			name = Debug;
		};
		68A77FF222EFAFCB0032F89D /* Release */ = {
			isa = XCBuildConfiguration;
			buildSettings = {
				ASSETCATALOG_COMPILER_APPICON_NAME = AppIcon;
				CODE_SIGN_STYLE = Automatic;
				DEVELOPMENT_ASSET_PATHS = "SwiftUI-Combine-NotificationDemo/Preview\\ Content";
				DEVELOPMENT_TEAM = R6BE99W3FU;
				ENABLE_PREVIEWS = YES;
				INFOPLIST_FILE = "SwiftUI-Combine-NotificationDemo/Info.plist";
				LD_RUNPATH_SEARCH_PATHS = (
					"$(inherited)",
					"@executable_path/Frameworks",
				);
				PRODUCT_BUNDLE_IDENTIFIER = "com.rarcher.SwiftUI-Combine-NotificationDemo";
				PRODUCT_NAME = "$(TARGET_NAME)";
				SWIFT_VERSION = 5.0;
				TARGETED_DEVICE_FAMILY = "1,2";
			};
			name = Release;
		};
/* End XCBuildConfiguration section */

/* Begin XCConfigurationList section */
		68A77FD722EFAFC90032F89D /* Build configuration list for PBXProject "SwiftUI-Combine-NotificationDemo" */ = {
			isa = XCConfigurationList;
			buildConfigurations = (
				68A77FEE22EFAFCB0032F89D /* Debug */,
				68A77FEF22EFAFCB0032F89D /* Release */,
			);
			defaultConfigurationIsVisible = 0;
			defaultConfigurationName = Release;
		};
		68A77FF022EFAFCB0032F89D /* Build configuration list for PBXNativeTarget "SwiftUI-Combine-NotificationDemo" */ = {
			isa = XCConfigurationList;
			buildConfigurations = (
				68A77FF122EFAFCB0032F89D /* Debug */,
				68A77FF222EFAFCB0032F89D /* Release */,
			);
			defaultConfigurationIsVisible = 0;
			defaultConfigurationName = Release;
		};
/* End XCConfigurationList section */
	};
	rootObject = 68A77FD422EFAFC90032F89D /* Project object */;
}
